
Microsoft Visual Studio Solution File, Format Version 12.00
Project("{FAE04EC0-301F-11D3-BF4B-00C04F79EFBC}") = "TestMindBox", "TestMindBox\TestMindBox.csproj", "{525A2464-F2C2-4801-8E8D-C21A80D98B7A}"
EndProject
Global
	GlobalSection(SolutionConfigurationPlatforms) = preSolution
		Debug|Any CPU = Debug|Any CPU
		Release|Any CPU = Release|Any CPU
	EndGlobalSection
	GlobalSection(ProjectConfigurationPlatforms) = postSolution
		{525A2464-F2C2-4801-8E8D-C21A80D98B7A}.Debug|Any CPU.ActiveCfg = Debug|Any CPU
		{525A2464-F2C2-4801-8E8D-C21A80D98B7A}.Debug|Any CPU.Build.0 = Debug|Any CPU
		{525A2464-F2C2-4801-8E8D-C21A80D98B7A}.Release|Any CPU.ActiveCfg = Release|Any CPU
		{525A2464-F2C2-4801-8E8D-C21A80D98B7A}.Release|Any CPU.Build.0 = Release|Any CPU
	EndGlobalSection
EndGlobal
